
Microsoft Visual Studio Solution File, Format Version 12.00
# Visual Studio 15
VisualStudioVersion = 15.0.28307.106
MinimumVisualStudioVersion = 10.0.40219.1
Project("{9A19103F-16F7-4668-BE54-9A1E7A4F7556}") = "thZero.NetCore.Library.Services.Cache.Redis", "thZero.NetCore.Library.Services.Cache.Redis.csproj", "{3F8C3EF4-744F-4D2B-B0AA-DC70B9C67517}"
EndProject
Project("{9A19103F-16F7-4668-BE54-9A1E7A4F7556}") = "thZero.NetCore.Library", "..\thZero.NetCore.Library\thZero.NetCore.Library.csproj", "{FC848E65-D978-4CA1-80A1-7826BF980A79}"
EndProject
Project("{9A19103F-16F7-4668-BE54-9A1E7A4F7556}") = "thZero.NetCore.Library.Services.Cache", "..\thZero.NetCore.Library.Services.Cache\thZero.NetCore.Library.Services.Cache.csproj", "{071F3238-0408-41C9-8F11-6ECEC8D625F7}"
EndProject
Global
	GlobalSection(SolutionConfigurationPlatforms) = preSolution
		Debug|Any CPU = Debug|Any CPU
		Release|Any CPU = Release|Any CPU
	EndGlobalSection
	GlobalSection(ProjectConfigurationPlatforms) = postSolution
		{3F8C3EF4-744F-4D2B-B0AA-DC70B9C67517}.Debug|Any CPU.ActiveCfg = Debug|Any CPU
		{3F8C3EF4-744F-4D2B-B0AA-DC70B9C67517}.Debug|Any CPU.Build.0 = Debug|Any CPU
		{3F8C3EF4-744F-4D2B-B0AA-DC70B9C67517}.Release|Any CPU.ActiveCfg = Release|Any CPU
		{3F8C3EF4-744F-4D2B-B0AA-DC70B9C67517}.Release|Any CPU.Build.0 = Release|Any CPU
		{FC848E65-D978-4CA1-80A1-7826BF980A79}.Debug|Any CPU.ActiveCfg = Debug|Any CPU
		{FC848E65-D978-4CA1-80A1-7826BF980A79}.Debug|Any CPU.Build.0 = Debug|Any CPU
		{FC848E65-D978-4CA1-80A1-7826BF980A79}.Release|Any CPU.ActiveCfg = Release|Any CPU
		{FC848E65-D978-4CA1-80A1-7826BF980A79}.Release|Any CPU.Build.0 = Release|Any CPU
		{071F3238-0408-41C9-8F11-6ECEC8D625F7}.Debug|Any CPU.ActiveCfg = Debug|Any CPU
		{071F3238-0408-41C9-8F11-6ECEC8D625F7}.Debug|Any CPU.Build.0 = Debug|Any CPU
		{071F3238-0408-41C9-8F11-6ECEC8D625F7}.Release|Any CPU.ActiveCfg = Release|Any CPU
		{071F3238-0408-41C9-8F11-6ECEC8D625F7}.Release|Any CPU.Build.0 = Release|Any CPU
	EndGlobalSection
	GlobalSection(SolutionProperties) = preSolution
		HideSolutionNode = FALSE
	EndGlobalSection
	GlobalSection(ExtensibilityGlobals) = postSolution
		SolutionGuid = {1E8FA546-328E-468A-9DCA-67B49BD97683}
	EndGlobalSection
EndGlobal
